
Microsoft Visual Studio Solution File, Format Version 12.00
# Visual Studio Version 16
VisualStudioVersion = 16.0.30114.105
MinimumVisualStudioVersion = 10.0.40219.1
Project("{FAE04EC0-301F-11D3-BF4B-00C04F79EFBC}") = "CourseWork", "CourseWork\CourseWork.csproj", "{8169302C-AB01-4D8E-A3E7-394C441140E5}"
EndProject
Global
	GlobalSection(SolutionConfigurationPlatforms) = preSolution
		Debug|Any CPU = Debug|Any CPU
		Release|Any CPU = Release|Any CPU
	EndGlobalSection
	GlobalSection(ProjectConfigurationPlatforms) = postSolution
		{8169302C-AB01-4D8E-A3E7-394C441140E5}.Debug|Any CPU.ActiveCfg = Debug|Any CPU
		{8169302C-AB01-4D8E-A3E7-394C441140E5}.Debug|Any CPU.Build.0 = Debug|Any CPU
		{8169302C-AB01-4D8E-A3E7-394C441140E5}.Release|Any CPU.ActiveCfg = Release|Any CPU
		{8169302C-AB01-4D8E-A3E7-394C441140E5}.Release|Any CPU.Build.0 = Release|Any CPU
	EndGlobalSection
	GlobalSection(SolutionProperties) = preSolution
		HideSolutionNode = FALSE
	EndGlobalSection
	GlobalSection(ExtensibilityGlobals) = postSolution
		SolutionGuid = {5024DF6F-B00A-43A1-B7CB-2DC747499BE1}
	EndGlobalSection
EndGlobal
